// !$*UTF8*$!
{
	archiveVersion = 1;
	classes = {
	};
	objectVersion = 56;
	objects = {

/* Begin PBXBuildFile section */
		C17D15DA2C41A9FA00CD5900 /* practiceUIApp.swift in Sources */ = {isa = PBXBuildFile; fileRef = C17D15D92C41A9FA00CD5900 /* practiceUIApp.swift */; };
		C17D15DC2C41A9FA00CD5900 /* ContentView.swift in Sources */ = {isa = PBXBuildFile; fileRef = C17D15DB2C41A9FA00CD5900 /* ContentView.swift */; };
		C17D15DE2C41A9FC00CD5900 /* Assets.xcassets in Resources */ = {isa = PBXBuildFile; fileRef = C17D15DD2C41A9FC00CD5900 /* Assets.xcassets */; };
		C17D15E12C41A9FC00CD5900 /* Preview Assets.xcassets in Resources */ = {isa = PBXBuildFile; fileRef = C17D15E02C41A9FC00CD5900 /* Preview Assets.xcassets */; };
		C17D15EB2C41A9FC00CD5900 /* practiceUITests.swift in Sources */ = {isa = PBXBuildFile; fileRef = C17D15EA2C41A9FC00CD5900 /* practiceUITests.swift */; };
		C17D15F52C41A9FD00CD5900 /* practiceUIUITests.swift in Sources */ = {isa = PBXBuildFile; fileRef = C17D15F42C41A9FD00CD5900 /* practiceUIUITests.swift */; };
		C17D15F72C41A9FD00CD5900 /* practiceUIUITestsLaunchTests.swift in Sources */ = {isa = PBXBuildFile; fileRef = C17D15F62C41A9FD00CD5900 /* practiceUIUITestsLaunchTests.swift */; };
/* End PBXBuildFile section */

/* Begin PBXContainerItemProxy section */
		C17D15E72C41A9FC00CD5900 /* PBXContainerItemProxy */ = {
			isa = PBXContainerItemProxy;
			containerPortal = C17D15CE2C41A9FA00CD5900 /* Project object */;
			proxyType = 1;
			remoteGlobalIDString = C17D15D52C41A9FA00CD5900;
			remoteInfo = practiceUI;
		};
		C17D15F12C41A9FD00CD5900 /* PBXContainerItemProxy */ = {
			isa = PBXContainerItemProxy;
			containerPortal = C17D15CE2C41A9FA00CD5900 /* Project object */;
			proxyType = 1;
			remoteGlobalIDString = C17D15D52C41A9FA00CD5900;
			remoteInfo = practiceUI;
		};
/* End PBXContainerItemProxy section */

/* Begin PBXFileReference section */
		C17D15D62C41A9FA00CD5900 /* practiceUI.app */ = {isa = PBXFileReference; explicitFileType = wrapper.application; includeInIndex = 0; path = practiceUI.app; sourceTree = BUILT_PRODUCTS_DIR; };
		C17D15D92C41A9FA00CD5900 /* practiceUIApp.swift */ = {isa = PBXFileReference; lastKnownFileType = sourcecode.swift; path = practiceUIApp.swift; sourceTree = "<group>"; };
		C17D15DB2C41A9FA00CD5900 /* ContentView.swift */ = {isa = PBXFileReference; lastKnownFileType = sourcecode.swift; path = ContentView.swift; sourceTree = "<group>"; };
		C17D15DD2C41A9FC00CD5900 /* Assets.xcassets */ = {isa = PBXFileReference; lastKnownFileType = folder.assetcatalog; path = Assets.xcassets; sourceTree = "<group>"; };
		C17D15E02C41A9FC00CD5900 /* Preview Assets.xcassets */ = {isa = PBXFileReference; lastKnownFileType = folder.assetcatalog; path = "Preview Assets.xcassets"; sourceTree = "<group>"; };
		C17D15E62C41A9FC00CD5900 /* practiceUITests.xctest */ = {isa = PBXFileReference; explicitFileType = wrapper.cfbundle; includeInIndex = 0; path = practiceUITests.xctest; sourceTree = BUILT_PRODUCTS_DIR; };
		C17D15EA2C41A9FC00CD5900 /* practiceUITests.swift */ = {isa = PBXFileReference; lastKnownFileType = sourcecode.swift; path = practiceUITests.swift; sourceTree = "<group>"; };
		C17D15F02C41A9FD00CD5900 /* practiceUIUITests.xctest */ = {isa = PBXFileReference; explicitFileType = wrapper.cfbundle; includeInIndex = 0; path = practiceUIUITests.xctest; sourceTree = BUILT_PRODUCTS_DIR; };
		C17D15F42C41A9FD00CD5900 /* practiceUIUITests.swift */ = {isa = PBXFileReference; lastKnownFileType = sourcecode.swift; path = practiceUIUITests.swift; sourceTree = "<group>"; };
		C17D15F62C41A9FD00CD5900 /* practiceUIUITestsLaunchTests.swift */ = {isa = PBXFileReference; lastKnownFileType = sourcecode.swift; path = practiceUIUITestsLaunchTests.swift; sourceTree = "<group>"; };
/* End PBXFileReference section */

/* Begin PBXFrameworksBuildPhase section */
		C17D15D32C41A9FA00CD5900 /* Frameworks */ = {
			isa = PBXFrameworksBuildPhase;
			buildActionMask = 2147483647;
			files = (
			);
			runOnlyForDeploymentPostprocessing = 0;
		};
		C17D15E32C41A9FC00CD5900 /* Frameworks */ = {
			isa = PBXFrameworksBuildPhase;
			buildActionMask = 2147483647;
			files = (
			);
			runOnlyForDeploymentPostprocessing = 0;
		};
		C17D15ED2C41A9FD00CD5900 /* Frameworks */ = {
			isa = PBXFrameworksBuildPhase;
			buildActionMask = 2147483647;
			files = (
			);
			runOnlyForDeploymentPostprocessing = 0;
		};
/* End PBXFrameworksBuildPhase section */

/* Begin PBXGroup section */
		C17D15CD2C41A9FA00CD5900 = {
			isa = PBXGroup;
			children = (
				C17D15D82C41A9FA00CD5900 /* practiceUI */,
				C17D15E92C41A9FC00CD5900 /* practiceUITests */,
				C17D15F32C41A9FD00CD5900 /* practiceUIUITests */,
				C17D15D72C41A9FA00CD5900 /* Products */,
			);
			sourceTree = "<group>";
		};
		C17D15D72C41A9FA00CD5900 /* Products */ = {
			isa = PBXGroup;
			children = (
				C17D15D62C41A9FA00CD5900 /* practiceUI.app */,
				C17D15E62C41A9FC00CD5900 /* practiceUITests.xctest */,
				C17D15F02C41A9FD00CD5900 /* practiceUIUITests.xctest */,
			);
			name = Products;
			sourceTree = "<group>";
		};
		C17D15D82C41A9FA00CD5900 /* practiceUI */ = {
			isa = PBXGroup;
			children = (
				C17D15D92C41A9FA00CD5900 /* practiceUIApp.swift */,
				C17D15DB2C41A9FA00CD5900 /* ContentView.swift */,
				C17D15DD2C41A9FC00CD5900 /* Assets.xcassets */,
				C17D15DF2C41A9FC00CD5900 /* Preview Content */,
			);
			path = practiceUI;
			sourceTree = "<group>";
		};
		C17D15DF2C41A9FC00CD5900 /* Preview Content */ = {
			isa = PBXGroup;
			children = (
				C17D15E02C41A9FC00CD5900 /* Preview Assets.xcassets */,
			);
			path = "Preview Content";
			sourceTree = "<group>";
		};
		C17D15E92C41A9FC00CD5900 /* practiceUITests */ = {
			isa = PBXGroup;
			children = (
				C17D15EA2C41A9FC00CD5900 /* practiceUITests.swift */,
			);
			path = practiceUITests;
			sourceTree = "<group>";
		};
		C17D15F32C41A9FD00CD5900 /* practiceUIUITests */ = {
			isa = PBXGroup;
			children = (
				C17D15F42C41A9FD00CD5900 /* practiceUIUITests.swift */,
				C17D15F62C41A9FD00CD5900 /* practiceUIUITestsLaunchTests.swift */,
			);
			path = practiceUIUITests;
			sourceTree = "<group>";
		};
/* End PBXGroup section */

/* Begin PBXNativeTarget section */
		C17D15D52C41A9FA00CD5900 /* practiceUI */ = {
			isa = PBXNativeTarget;
			buildConfigurationList = C17D15FA2C41A9FD00CD5900 /* Build configuration list for PBXNativeTarget "practiceUI" */;
			buildPhases = (
				C17D15D22C41A9FA00CD5900 /* Sources */,
				C17D15D32C41A9FA00CD5900 /* Frameworks */,
				C17D15D42C41A9FA00CD5900 /* Resources */,
			);
			buildRules = (
			);
			dependencies = (
			);
			name = practiceUI;
			productName = practiceUI;
			productReference = C17D15D62C41A9FA00CD5900 /* practiceUI.app */;
			productType = "com.apple.product-type.application";
		};
		C17D15E52C41A9FC00CD5900 /* practiceUITests */ = {
			isa = PBXNativeTarget;
			buildConfigurationList = C17D15FD2C41A9FD00CD5900 /* Build configuration list for PBXNativeTarget "practiceUITests" */;
			buildPhases = (
				C17D15E22C41A9FC00CD5900 /* Sources */,
				C17D15E32C41A9FC00CD5900 /* Frameworks */,
				C17D15E42C41A9FC00CD5900 /* Resources */,
			);
			buildRules = (
			);
			dependencies = (
				C17D15E82C41A9FC00CD5900 /* PBXTargetDependency */,
			);
			name = practiceUITests;
			productName = practiceUITests;
			productReference = C17D15E62C41A9FC00CD5900 /* practiceUITests.xctest */;
			productType = "com.apple.product-type.bundle.unit-test";
		};
		C17D15EF2C41A9FD00CD5900 /* practiceUIUITests */ = {
			isa = PBXNativeTarget;
			buildConfigurationList = C17D16002C41A9FD00CD5900 /* Build configuration list for PBXNativeTarget "practiceUIUITests" */;
			buildPhases = (
				C17D15EC2C41A9FD00CD5900 /* Sources */,
				C17D15ED2C41A9FD00CD5900 /* Frameworks */,
				C17D15EE2C41A9FD00CD5900 /* Resources */,
			);
			buildRules = (
			);
			dependencies = (
				C17D15F22C41A9FD00CD5900 /* PBXTargetDependency */,
			);
			name = practiceUIUITests;
			productName = practiceUIUITests;
			productReference = C17D15F02C41A9FD00CD5900 /* practiceUIUITests.xctest */;
			productType = "com.apple.product-type.bundle.ui-testing";
		};
/* End PBXNativeTarget section */

/* Begin PBXProject section */
		C17D15CE2C41A9FA00CD5900 /* Project object */ = {
			isa = PBXProject;
			attributes = {
				BuildIndependentTargetsInParallel = 1;
				LastSwiftUpdateCheck = 1540;
				LastUpgradeCheck = 1540;
				TargetAttributes = {
					C17D15D52C41A9FA00CD5900 = {
						CreatedOnToolsVersion = 15.4;
					};
					C17D15E52C41A9FC00CD5900 = {
						CreatedOnToolsVersion = 15.4;
						TestTargetID = C17D15D52C41A9FA00CD5900;
					};
					C17D15EF2C41A9FD00CD5900 = {
						CreatedOnToolsVersion = 15.4;
						TestTargetID = C17D15D52C41A9FA00CD5900;
					};
				};
			};
			buildConfigurationList = C17D15D12C41A9FA00CD5900 /* Build configuration list for PBXProject "practiceUI" */;
			compatibilityVersion = "Xcode 14.0";
			developmentRegion = en;
			hasScannedForEncodings = 0;
			knownRegions = (
				en,
				Base,
			);
			mainGroup = C17D15CD2C41A9FA00CD5900;
			productRefGroup = C17D15D72C41A9FA00CD5900 /* Products */;
			projectDirPath = "";
			projectRoot = "";
			targets = (
				C17D15D52C41A9FA00CD5900 /* practiceUI */,
				C17D15E52C41A9FC00CD5900 /* practiceUITests */,
				C17D15EF2C41A9FD00CD5900 /* practiceUIUITests */,
			);
		};
/* End PBXProject section */

/* Begin PBXResourcesBuildPhase section */
		C17D15D42C41A9FA00CD5900 /* Resources */ = {
			isa = PBXResourcesBuildPhase;
			buildActionMask = 2147483647;
			files = (
				C17D15E12C41A9FC00CD5900 /* Preview Assets.xcassets in Resources */,
				C17D15DE2C41A9FC00CD5900 /* Assets.xcassets in Resources */,
			);
			runOnlyForDeploymentPostprocessing = 0;
		};
		C17D15E42C41A9FC00CD5900 /* Resources */ = {
			isa = PBXResourcesBuildPhase;
			buildActionMask = 2147483647;
			files = (
			);
			runOnlyForDeploymentPostprocessing = 0;
		};
		C17D15EE2C41A9FD00CD5900 /* Resources */ = {
			isa = PBXResourcesBuildPhase;
			buildActionMask = 2147483647;
			files = (
			);
			runOnlyForDeploymentPostprocessing = 0;
		};
/* End PBXResourcesBuildPhase section */

/* Begin PBXSourcesBuildPhase section */
		C17D15D22C41A9FA00CD5900 /* Sources */ = {
			isa = PBXSourcesBuildPhase;
			buildActionMask = 2147483647;
			files = (
				C17D15DC2C41A9FA00CD5900 /* ContentView.swift in Sources */,
				C17D15DA2C41A9FA00CD5900 /* practiceUIApp.swift in Sources */,
			);
			runOnlyForDeploymentPostprocessing = 0;
		};
		C17D15E22C41A9FC00CD5900 /* Sources */ = {
			isa = PBXSourcesBuildPhase;
			buildActionMask = 2147483647;
			files = (
				C17D15EB2C41A9FC00CD5900 /* practiceUITests.swift in Sources */,
			);
			runOnlyForDeploymentPostprocessing = 0;
		};
		C17D15EC2C41A9FD00CD5900 /* Sources */ = {
			isa = PBXSourcesBuildPhase;
			buildActionMask = 2147483647;
			files = (
				C17D15F52C41A9FD00CD5900 /* practiceUIUITests.swift in Sources */,
				C17D15F72C41A9FD00CD5900 /* practiceUIUITestsLaunchTests.swift in Sources */,
			);
			runOnlyForDeploymentPostprocessing = 0;
		};
/* End PBXSourcesBuildPhase section */

/* Begin PBXTargetDependency section */
		C17D15E82C41A9FC00CD5900 /* PBXTargetDependency */ = {
			isa = PBXTargetDependency;
			target = C17D15D52C41A9FA00CD5900 /* practiceUI */;
			targetProxy = C17D15E72C41A9FC00CD5900 /* PBXContainerItemProxy */;
		};
		C17D15F22C41A9FD00CD5900 /* PBXTargetDependency */ = {
			isa = PBXTargetDependency;
			target = C17D15D52C41A9FA00CD5900 /* practiceUI */;
			targetProxy = C17D15F12C41A9FD00CD5900 /* PBXContainerItemProxy */;
		};
/* End PBXTargetDependency section */

/* Begin XCBuildConfiguration section */
		C17D15F82C41A9FD00CD5900 /* Debug */ = {
			isa = XCBuildConfiguration;
			buildSettings = {
				ALWAYS_SEARCH_USER_PATHS = NO;
				ASSETCATALOG_COMPILER_GENERATE_SWIFT_ASSET_SYMBOL_EXTENSIONS = YES;
				CLANG_ANALYZER_NONNULL = YES;
				CLANG_ANALYZER_NUMBER_OBJECT_CONVERSION = YES_AGGRESSIVE;
				CLANG_CXX_LANGUAGE_STANDARD = "gnu++20";
				CLANG_ENABLE_MODULES = YES;
				CLANG_ENABLE_OBJC_ARC = YES;
				CLANG_ENABLE_OBJC_WEAK = YES;
				CLANG_WARN_BLOCK_CAPTURE_AUTORELEASING = YES;
				CLANG_WARN_BOOL_CONVERSION = YES;
				CLANG_WARN_COMMA = YES;
				CLANG_WARN_CONSTANT_CONVERSION = YES;
				CLANG_WARN_DEPRECATED_OBJC_IMPLEMENTATIONS = YES;
				CLANG_WARN_DIRECT_OBJC_ISA_USAGE = YES_ERROR;
				CLANG_WARN_DOCUMENTATION_COMMENTS = YES;
				CLANG_WARN_EMPTY_BODY = YES;
				CLANG_WARN_ENUM_CONVERSION = YES;
				CLANG_WARN_INFINITE_RECURSION = YES;
				CLANG_WARN_INT_CONVERSION = YES;
				CLANG_WARN_NON_LITERAL_NULL_CONVERSION = YES;
				CLANG_WARN_OBJC_IMPLICIT_RETAIN_SELF = YES;
				CLANG_WARN_OBJC_LITERAL_CONVERSION = YES;
				CLANG_WARN_OBJC_ROOT_CLASS = YES_ERROR;
				CLANG_WARN_QUOTED_INCLUDE_IN_FRAMEWORK_HEADER = YES;
				CLANG_WARN_RANGE_LOOP_ANALYSIS = YES;
				CLANG_WARN_STRICT_PROTOTYPES = YES;
				CLANG_WARN_SUSPICIOUS_MOVE = YES;
				CLANG_WARN_UNGUARDED_AVAILABILITY = YES_AGGRESSIVE;
				CLANG_WARN_UNREACHABLE_CODE = YES;
				CLANG_WARN__DUPLICATE_METHOD_MATCH = YES;
				COPY_PHASE_STRIP = NO;
				DEBUG_INFORMATION_FORMAT = dwarf;
				ENABLE_STRICT_OBJC_MSGSEND = YES;
				ENABLE_TESTABILITY = YES;
				ENABLE_USER_SCRIPT_SANDBOXING = YES;
				GCC_C_LANGUAGE_STANDARD = gnu17;
				GCC_DYNAMIC_NO_PIC = NO;
				GCC_NO_COMMON_BLOCKS = YES;
				GCC_OPTIMIZATION_LEVEL = 0;
				GCC_PREPROCESSOR_DEFINITIONS = (
					"DEBUG=1",
					"$(inherited)",
				);
				GCC_WARN_64_TO_32_BIT_CONVERSION = YES;
				GCC_WARN_ABOUT_RETURN_TYPE = YES_ERROR;
				GCC_WARN_UNDECLARED_SELECTOR = YES;
				GCC_WARN_UNINITIALIZED_AUTOS = YES_AGGRESSIVE;
				GCC_WARN_UNUSED_FUNCTION = YES;
				GCC_WARN_UNUSED_VARIABLE = YES;
				IPHONEOS_DEPLOYMENT_TARGET = 17.5;
				LOCALIZATION_PREFERS_STRING_CATALOGS = YES;
				MTL_ENABLE_DEBUG_INFO = INCLUDE_SOURCE;
				MTL_FAST_MATH = YES;
				ONLY_ACTIVE_ARCH = YES;
				SDKROOT = iphoneos;
				SWIFT_ACTIVE_COMPILATION_CONDITIONS = "DEBUG $(inherited)";
				SWIFT_OPTIMIZATION_LEVEL = "-Onone";
			};
			name = Debug;
		};
		C17D15F92C41A9FD00CD5900 /* Release */ = {
			isa = XCBuildConfiguration;
			buildSettings = {
				ALWAYS_SEARCH_USER_PATHS = NO;
				ASSETCATALOG_COMPILER_GENERATE_SWIFT_ASSET_SYMBOL_EXTENSIONS = YES;
				CLANG_ANALYZER_NONNULL = YES;
				CLANG_ANALYZER_NUMBER_OBJECT_CONVERSION = YES_AGGRESSIVE;
				CLANG_CXX_LANGUAGE_STANDARD = "gnu++20";
				CLANG_ENABLE_MODULES = YES;
				CLANG_ENABLE_OBJC_ARC = YES;
				CLANG_ENABLE_OBJC_WEAK = YES;
				CLANG_WARN_BLOCK_CAPTURE_AUTORELEASING = YES;
				CLANG_WARN_BOOL_CONVERSION = YES;
				CLANG_WARN_COMMA = YES;
				CLANG_WARN_CONSTANT_CONVERSION = YES;
				CLANG_WARN_DEPRECATED_OBJC_IMPLEMENTATIONS = YES;
				CLANG_WARN_DIRECT_OBJC_ISA_USAGE = YES_ERROR;
				CLANG_WARN_DOCUMENTATION_COMMENTS = YES;
				CLANG_WARN_EMPTY_BODY = YES;
				CLANG_WARN_ENUM_CONVERSION = YES;
				CLANG_WARN_INFINITE_RECURSION = YES;
				CLANG_WARN_INT_CONVERSION = YES;
				CLANG_WARN_NON_LITERAL_NULL_CONVERSION = YES;
				CLANG_WARN_OBJC_IMPLICIT_RETAIN_SELF = YES;
				CLANG_WARN_OBJC_LITERAL_CONVERSION = YES;
				CLANG_WARN_OBJC_ROOT_CLASS = YES_ERROR;
				CLANG_WARN_QUOTED_INCLUDE_IN_FRAMEWORK_HEADER = YES;
				CLANG_WARN_RANGE_LOOP_ANALYSIS = YES;
				CLANG_WARN_STRICT_PROTOTYPES = YES;
				CLANG_WARN_SUSPICIOUS_MOVE = YES;
				CLANG_WARN_UNGUARDED_AVAILABILITY = YES_AGGRESSIVE;
				CLANG_WARN_UNREACHABLE_CODE = YES;
				CLANG_WARN__DUPLICATE_METHOD_MATCH = YES;
				COPY_PHASE_STRIP = NO;
				DEBUG_INFORMATION_FORMAT = "dwarf-with-dsym";
				ENABLE_NS_ASSERTIONS = NO;
				ENABLE_STRICT_OBJC_MSGSEND = YES;
				ENABLE_USER_SCRIPT_SANDBOXING = YES;
				GCC_C_LANGUAGE_STANDARD = gnu17;
				GCC_NO_COMMON_BLOCKS = YES;
				GCC_WARN_64_TO_32_BIT_CONVERSION = YES;
				GCC_WARN_ABOUT_RETURN_TYPE = YES_ERROR;
				GCC_WARN_UNDECLARED_SELECTOR = YES;
				GCC_WARN_UNINITIALIZED_AUTOS = YES_AGGRESSIVE;
				GCC_WARN_UNUSED_FUNCTION = YES;
				GCC_WARN_UNUSED_VARIABLE = YES;
				IPHONEOS_DEPLOYMENT_TARGET = 17.5;
				LOCALIZATION_PREFERS_STRING_CATALOGS = YES;
				MTL_ENABLE_DEBUG_INFO = NO;
				MTL_FAST_MATH = YES;
				SDKROOT = iphoneos;
				SWIFT_COMPILATION_MODE = wholemodule;
				VALIDATE_PRODUCT = YES;
			};
			name = Release;
		};
		C17D15FB2C41A9FD00CD5900 /* Debug */ = {
			isa = XCBuildConfiguration;
			buildSettings = {
				ASSETCATALOG_COMPILER_APPICON_NAME = AppIcon;
				ASSETCATALOG_COMPILER_GLOBAL_ACCENT_COLOR_NAME = AccentColor;
				CODE_SIGN_STYLE = Automatic;
				CURRENT_PROJECT_VERSION = 1;
				DEVELOPMENT_ASSET_PATHS = "\"practiceUI/Preview Content\"";
				DEVELOPMENT_TEAM = HR9Z84FRW4;
				ENABLE_PREVIEWS = YES;
				GENERATE_INFOPLIST_FILE = YES;
				INFOPLIST_KEY_UIApplicationSceneManifest_Generation = YES;
				INFOPLIST_KEY_UIApplicationSupportsIndirectInputEvents = YES;
				INFOPLIST_KEY_UILaunchScreen_Generation = YES;
				INFOPLIST_KEY_UISupportedInterfaceOrientations_iPad = "UIInterfaceOrientationPortrait UIInterfaceOrientationPortraitUpsideDown UIInterfaceOrientationLandscapeLeft UIInterfaceOrientationLandscapeRight";
				INFOPLIST_KEY_UISupportedInterfaceOrientations_iPhone = "UIInterfaceOrientationPortrait UIInterfaceOrientationLandscapeLeft UIInterfaceOrientationLandscapeRight";
				LD_RUNPATH_SEARCH_PATHS = (
					"$(inherited)",
					"@executable_path/Frameworks",
				);
				MARKETING_VERSION = 1.0;
				PRODUCT_BUNDLE_IDENTIFIER = kwk.practiceUI;
				PRODUCT_NAME = "$(TARGET_NAME)";
				SWIFT_EMIT_LOC_STRINGS = YES;
				SWIFT_VERSION = 5.0;
				TARGETED_DEVICE_FAMILY = "1,2";
			};
			name = Debug;
		};
		C17D15FC2C41A9FD00CD5900 /* Release */ = {
			isa = XCBuildConfiguration;
			buildSettings = {
				ASSETCATALOG_COMPILER_APPICON_NAME = AppIcon;
				ASSETCATALOG_COMPILER_GLOBAL_ACCENT_COLOR_NAME = AccentColor;
				CODE_SIGN_STYLE = Automatic;
				CURRENT_PROJECT_VERSION = 1;
				DEVELOPMENT_ASSET_PATHS = "\"practiceUI/Preview Content\"";
				DEVELOPMENT_TEAM = HR9Z84FRW4;
				ENABLE_PREVIEWS = YES;
				GENERATE_INFOPLIST_FILE = YES;
				INFOPLIST_KEY_UIApplicationSceneManifest_Generation = YES;
				INFOPLIST_KEY_UIApplicationSupportsIndirectInputEvents = YES;
				INFOPLIST_KEY_UILaunchScreen_Generation = YES;
				INFOPLIST_KEY_UISupportedInterfaceOrientations_iPad = "UIInterfaceOrientationPortrait UIInterfaceOrientationPortraitUpsideDown UIInterfaceOrientationLandscapeLeft UIInterfaceOrientationLandscapeRight";
				INFOPLIST_KEY_UISupportedInterfaceOrientations_iPhone = "UIInterfaceOrientationPortrait UIInterfaceOrientationLandscapeLeft UIInterfaceOrientationLandscapeRight";
				LD_RUNPATH_SEARCH_PATHS = (
					"$(inherited)",
					"@executable_path/Frameworks",
				);
				MARKETING_VERSION = 1.0;
				PRODUCT_BUNDLE_IDENTIFIER = kwk.practiceUI;
				PRODUCT_NAME = "$(TARGET_NAME)";
				SWIFT_EMIT_LOC_STRINGS = YES;
				SWIFT_VERSION = 5.0;
				TARGETED_DEVICE_FAMILY = "1,2";
			};
			name = Release;
		};
		C17D15FE2C41A9FD00CD5900 /* Debug */ = {
			isa = XCBuildConfiguration;
			buildSettings = {
				ALWAYS_EMBED_SWIFT_STANDARD_LIBRARIES = YES;
				BUNDLE_LOADER = "$(TEST_HOST)";
				CODE_SIGN_STYLE = Automatic;
				CURRENT_PROJECT_VERSION = 1;
				DEVELOPMENT_TEAM = HR9Z84FRW4;
				GENERATE_INFOPLIST_FILE = YES;
				IPHONEOS_DEPLOYMENT_TARGET = 17.5;
				MARKETING_VERSION = 1.0;
				PRODUCT_BUNDLE_IDENTIFIER = kwk.practiceUITests;
				PRODUCT_NAME = "$(TARGET_NAME)";
				SWIFT_EMIT_LOC_STRINGS = NO;
				SWIFT_VERSION = 5.0;
				TARGETED_DEVICE_FAMILY = "1,2";
				TEST_HOST = "$(BUILT_PRODUCTS_DIR)/practiceUI.app/$(BUNDLE_EXECUTABLE_FOLDER_PATH)/practiceUI";
			};
			name = Debug;
		};
		C17D15FF2C41A9FD00CD5900 /* Release */ = {
			isa = XCBuildConfiguration;
			buildSettings = {
				ALWAYS_EMBED_SWIFT_STANDARD_LIBRARIES = YES;
				BUNDLE_LOADER = "$(TEST_HOST)";
				CODE_SIGN_STYLE = Automatic;
				CURRENT_PROJECT_VERSION = 1;
				DEVELOPMENT_TEAM = HR9Z84FRW4;
				GENERATE_INFOPLIST_FILE = YES;
				IPHONEOS_DEPLOYMENT_TARGET = 17.5;
				MARKETING_VERSION = 1.0;
				PRODUCT_BUNDLE_IDENTIFIER = kwk.practiceUITests;
				PRODUCT_NAME = "$(TARGET_NAME)";
				SWIFT_EMIT_LOC_STRINGS = NO;
				SWIFT_VERSION = 5.0;
				TARGETED_DEVICE_FAMILY = "1,2";
				TEST_HOST = "$(BUILT_PRODUCTS_DIR)/practiceUI.app/$(BUNDLE_EXECUTABLE_FOLDER_PATH)/practiceUI";
			};
			name = Release;
		};
		C17D16012C41A9FD00CD5900 /* Debug */ = {
			isa = XCBuildConfiguration;
			buildSettings = {
				ALWAYS_EMBED_SWIFT_STANDARD_LIBRARIES = YES;
				CODE_SIGN_STYLE = Automatic;
				CURRENT_PROJECT_VERSION = 1;
				DEVELOPMENT_TEAM = HR9Z84FRW4;
				GENERATE_INFOPLIST_FILE = YES;
				MARKETING_VERSION = 1.0;
				PRODUCT_BUNDLE_IDENTIFIER = kwk.practiceUIUITests;
				PRODUCT_NAME = "$(TARGET_NAME)";
				SWIFT_EMIT_LOC_STRINGS = NO;
				SWIFT_VERSION = 5.0;
				TARGETED_DEVICE_FAMILY = "1,2";
				TEST_TARGET_NAME = practiceUI;
			};
			name = Debug;
		};
		C17D16022C41A9FD00CD5900 /* Release */ = {
			isa = XCBuildConfiguration;
			buildSettings = {
				ALWAYS_EMBED_SWIFT_STANDARD_LIBRARIES = YES;
				CODE_SIGN_STYLE = Automatic;
				CURRENT_PROJECT_VERSION = 1;
				DEVELOPMENT_TEAM = HR9Z84FRW4;
				GENERATE_INFOPLIST_FILE = YES;
				MARKETING_VERSION = 1.0;
				PRODUCT_BUNDLE_IDENTIFIER = kwk.practiceUIUITests;
				PRODUCT_NAME = "$(TARGET_NAME)";
				SWIFT_EMIT_LOC_STRINGS = NO;
				SWIFT_VERSION = 5.0;
				TARGETED_DEVICE_FAMILY = "1,2";
				TEST_TARGET_NAME = practiceUI;
			};
			name = Release;
		};
/* End XCBuildConfiguration section */

/* Begin XCConfigurationList section */
		C17D15D12C41A9FA00CD5900 /* Build configuration list for PBXProject "practiceUI" */ = {
			isa = XCConfigurationList;
			buildConfigurations = (
				C17D15F82C41A9FD00CD5900 /* Debug */,
				C17D15F92C41A9FD00CD5900 /* Release */,
			);
			defaultConfigurationIsVisible = 0;
			defaultConfigurationName = Release;
		};
		C17D15FA2C41A9FD00CD5900 /* Build configuration list for PBXNativeTarget "practiceUI" */ = {
			isa = XCConfigurationList;
			buildConfigurations = (
				C17D15FB2C41A9FD00CD5900 /* Debug */,
				C17D15FC2C41A9FD00CD5900 /* Release */,
			);
			defaultConfigurationIsVisible = 0;
			defaultConfigurationName = Release;
		};
		C17D15FD2C41A9FD00CD5900 /* Build configuration list for PBXNativeTarget "practiceUITests" */ = {
			isa = XCConfigurationList;
			buildConfigurations = (
				C17D15FE2C41A9FD00CD5900 /* Debug */,
				C17D15FF2C41A9FD00CD5900 /* Release */,
			);
			defaultConfigurationIsVisible = 0;
			defaultConfigurationName = Release;
		};
		C17D16002C41A9FD00CD5900 /* Build configuration list for PBXNativeTarget "practiceUIUITests" */ = {
			isa = XCConfigurationList;
			buildConfigurations = (
				C17D16012C41A9FD00CD5900 /* Debug */,
				C17D16022C41A9FD00CD5900 /* Release */,
			);
			defaultConfigurationIsVisible = 0;
			defaultConfigurationName = Release;
		};
/* End XCConfigurationList section */
	};
	rootObject = C17D15CE2C41A9FA00CD5900 /* Project object */;
}
